
Microsoft Visual Studio Solution File, Format Version 12.00
# Visual Studio Version 17
VisualStudioVersion = 17.1.32407.343
MinimumVisualStudioVersion = 10.0.40219.1
Project("{FAE04EC0-301F-11D3-BF4B-00C04F79EFBC}") = "eAgenda.ConsoleApp", "eAgenda.ConsoleApp\eAgenda.ConsoleApp.csproj", "{928CA307-3D5A-47F6-8752-D44BB9B54872}"
EndProject
Global
	GlobalSection(SolutionConfigurationPlatforms) = preSolution
		Debug|Any CPU = Debug|Any CPU
		Release|Any CPU = Release|Any CPU
	EndGlobalSection
	GlobalSection(ProjectConfigurationPlatforms) = postSolution
		{928CA307-3D5A-47F6-8752-D44BB9B54872}.Debug|Any CPU.ActiveCfg = Debug|Any CPU
		{928CA307-3D5A-47F6-8752-D44BB9B54872}.Debug|Any CPU.Build.0 = Debug|Any CPU
		{928CA307-3D5A-47F6-8752-D44BB9B54872}.Release|Any CPU.ActiveCfg = Release|Any CPU
		{928CA307-3D5A-47F6-8752-D44BB9B54872}.Release|Any CPU.Build.0 = Release|Any CPU
	EndGlobalSection
	GlobalSection(SolutionProperties) = preSolution
		HideSolutionNode = FALSE
	EndGlobalSection
	GlobalSection(ExtensibilityGlobals) = postSolution
		SolutionGuid = {82CCEBE4-6876-4AFB-BA72-4F5FDBFFF364}
	EndGlobalSection
EndGlobal
